
Microsoft Visual Studio Solution File, Format Version 12.00
# Visual Studio Version 16
VisualStudioVersion = 16.0.30804.86
MinimumVisualStudioVersion = 10.0.40219.1
Project("{9A19103F-16F7-4668-BE54-9A1E7A4F7556}") = "Natro-Backend.API", "Natro-Backend.API\Natro-Backend.API.csproj", "{779D0805-031B-4034-A149-60C03A942071}"
EndProject
Project("{2150E333-8FDC-42A3-9474-1A3956D46DE8}") = "Custom", "Custom", "{6357D4CC-5437-4186-B56B-5BF9EFE832C2}"
EndProject
Project("{2150E333-8FDC-42A3-9474-1A3956D46DE8}") = "Helper", "Helper", "{8AF92DCF-C3CE-48BA-B717-54F5A8696748}"
EndProject
Project("{2150E333-8FDC-42A3-9474-1A3956D46DE8}") = "Other", "Other", "{BAF671A5-2234-4E2E-9CAF-572AE9CBAFD7}"
EndProject
Project("{9A19103F-16F7-4668-BE54-9A1E7A4F7556}") = "Natro-Backend.BLL", "Natro-Backend.BLL\Natro-Backend.BLL.csproj", "{986F8CE9-B053-4BD9-BB88-2A189290A1AD}"
EndProject
Project("{9A19103F-16F7-4668-BE54-9A1E7A4F7556}") = "Natro-Backend.Core", "Natro-Backend.Core\Natro-Backend.Core.csproj", "{9E8ECC47-95B6-402C-BF10-17AD935F1210}"
EndProject
Project("{9A19103F-16F7-4668-BE54-9A1E7A4F7556}") = "Natro-Backend.DAL", "Natro-Backend.DAL\Natro-Backend.DAL.csproj", "{F50FB86A-B9EA-4AEC-B1DE-6C49F78F9286}"
EndProject
Project("{9A19103F-16F7-4668-BE54-9A1E7A4F7556}") = "Natro-Backend.Entity", "Natro-Backend.Entity\Natro-Backend.Entity.csproj", "{28755174-7621-4526-9BD5-D4EB19D3B46D}"
EndProject
Project("{9A19103F-16F7-4668-BE54-9A1E7A4F7556}") = "Natro-Backend.Models", "Natro-Backend.Models\Natro-Backend.Models.csproj", "{FA6A079F-2F4F-42BF-857D-97437049E5EE}"
EndProject
Project("{9A19103F-16F7-4668-BE54-9A1E7A4F7556}") = "Natro-Backend.Middlewares", "Natro-Backend.Middlewares\Natro-Backend.Middlewares.csproj", "{88340345-CA06-495A-A8DA-D0D98F2881F3}"
EndProject
Project("{2150E333-8FDC-42A3-9474-1A3956D46DE8}") = "Integration", "Integration", "{AE71B78D-8EFA-493F-82DC-280FE4232EF6}"
EndProject
Project("{9A19103F-16F7-4668-BE54-9A1E7A4F7556}") = "Natro-Backend.RDAP", "Natro-Backend.RDAP\Natro-Backend.RDAP.csproj", "{27C797FE-E49F-4C85-8AA3-598F565EF679}"
EndProject
Project("{9A19103F-16F7-4668-BE54-9A1E7A4F7556}") = "Natro-Backend.Security", "Natro-Backend.Security\Natro-Backend.Security.csproj", "{89A6F4DD-875B-4C6D-B7B5-A53C6649A818}"
EndProject
Project("{9A19103F-16F7-4668-BE54-9A1E7A4F7556}") = "Natro-Backend.Constants", "Natro-Backend.Constants\Natro-Backend.Constants.csproj", "{A846574F-3C53-4363-A5B9-F824E43930AC}"
EndProject
Global
	GlobalSection(SolutionConfigurationPlatforms) = preSolution
		Debug|Any CPU = Debug|Any CPU
		Release|Any CPU = Release|Any CPU
	EndGlobalSection
	GlobalSection(ProjectConfigurationPlatforms) = postSolution
		{779D0805-031B-4034-A149-60C03A942071}.Debug|Any CPU.ActiveCfg = Debug|Any CPU
		{779D0805-031B-4034-A149-60C03A942071}.Debug|Any CPU.Build.0 = Debug|Any CPU
		{779D0805-031B-4034-A149-60C03A942071}.Release|Any CPU.ActiveCfg = Release|Any CPU
		{779D0805-031B-4034-A149-60C03A942071}.Release|Any CPU.Build.0 = Release|Any CPU
		{986F8CE9-B053-4BD9-BB88-2A189290A1AD}.Debug|Any CPU.ActiveCfg = Debug|Any CPU
		{986F8CE9-B053-4BD9-BB88-2A189290A1AD}.Debug|Any CPU.Build.0 = Debug|Any CPU
		{986F8CE9-B053-4BD9-BB88-2A189290A1AD}.Release|Any CPU.ActiveCfg = Release|Any CPU
		{986F8CE9-B053-4BD9-BB88-2A189290A1AD}.Release|Any CPU.Build.0 = Release|Any CPU
		{9E8ECC47-95B6-402C-BF10-17AD935F1210}.Debug|Any CPU.ActiveCfg = Debug|Any CPU
		{9E8ECC47-95B6-402C-BF10-17AD935F1210}.Debug|Any CPU.Build.0 = Debug|Any CPU
		{9E8ECC47-95B6-402C-BF10-17AD935F1210}.Release|Any CPU.ActiveCfg = Release|Any CPU
		{9E8ECC47-95B6-402C-BF10-17AD935F1210}.Release|Any CPU.Build.0 = Release|Any CPU
		{F50FB86A-B9EA-4AEC-B1DE-6C49F78F9286}.Debug|Any CPU.ActiveCfg = Debug|Any CPU
		{F50FB86A-B9EA-4AEC-B1DE-6C49F78F9286}.Debug|Any CPU.Build.0 = Debug|Any CPU
		{F50FB86A-B9EA-4AEC-B1DE-6C49F78F9286}.Release|Any CPU.ActiveCfg = Release|Any CPU
		{F50FB86A-B9EA-4AEC-B1DE-6C49F78F9286}.Release|Any CPU.Build.0 = Release|Any CPU
		{28755174-7621-4526-9BD5-D4EB19D3B46D}.Debug|Any CPU.ActiveCfg = Debug|Any CPU
		{28755174-7621-4526-9BD5-D4EB19D3B46D}.Debug|Any CPU.Build.0 = Debug|Any CPU
		{28755174-7621-4526-9BD5-D4EB19D3B46D}.Release|Any CPU.ActiveCfg = Release|Any CPU
		{28755174-7621-4526-9BD5-D4EB19D3B46D}.Release|Any CPU.Build.0 = Release|Any CPU
		{FA6A079F-2F4F-42BF-857D-97437049E5EE}.Debug|Any CPU.ActiveCfg = Debug|Any CPU
		{FA6A079F-2F4F-42BF-857D-97437049E5EE}.Debug|Any CPU.Build.0 = Debug|Any CPU
		{FA6A079F-2F4F-42BF-857D-97437049E5EE}.Release|Any CPU.ActiveCfg = Release|Any CPU
		{FA6A079F-2F4F-42BF-857D-97437049E5EE}.Release|Any CPU.Build.0 = Release|Any CPU
		{88340345-CA06-495A-A8DA-D0D98F2881F3}.Debug|Any CPU.ActiveCfg = Debug|Any CPU
		{88340345-CA06-495A-A8DA-D0D98F2881F3}.Debug|Any CPU.Build.0 = Debug|Any CPU
		{88340345-CA06-495A-A8DA-D0D98F2881F3}.Release|Any CPU.ActiveCfg = Release|Any CPU
		{88340345-CA06-495A-A8DA-D0D98F2881F3}.Release|Any CPU.Build.0 = Release|Any CPU
		{27C797FE-E49F-4C85-8AA3-598F565EF679}.Debug|Any CPU.ActiveCfg = Debug|Any CPU
		{27C797FE-E49F-4C85-8AA3-598F565EF679}.Debug|Any CPU.Build.0 = Debug|Any CPU
		{27C797FE-E49F-4C85-8AA3-598F565EF679}.Release|Any CPU.ActiveCfg = Release|Any CPU
		{27C797FE-E49F-4C85-8AA3-598F565EF679}.Release|Any CPU.Build.0 = Release|Any CPU
		{89A6F4DD-875B-4C6D-B7B5-A53C6649A818}.Debug|Any CPU.ActiveCfg = Debug|Any CPU
		{89A6F4DD-875B-4C6D-B7B5-A53C6649A818}.Debug|Any CPU.Build.0 = Debug|Any CPU
		{89A6F4DD-875B-4C6D-B7B5-A53C6649A818}.Release|Any CPU.ActiveCfg = Release|Any CPU
		{89A6F4DD-875B-4C6D-B7B5-A53C6649A818}.Release|Any CPU.Build.0 = Release|Any CPU
		{A846574F-3C53-4363-A5B9-F824E43930AC}.Debug|Any CPU.ActiveCfg = Debug|Any CPU
		{A846574F-3C53-4363-A5B9-F824E43930AC}.Debug|Any CPU.Build.0 = Debug|Any CPU
		{A846574F-3C53-4363-A5B9-F824E43930AC}.Release|Any CPU.ActiveCfg = Release|Any CPU
		{A846574F-3C53-4363-A5B9-F824E43930AC}.Release|Any CPU.Build.0 = Release|Any CPU
	EndGlobalSection
	GlobalSection(SolutionProperties) = preSolution
		HideSolutionNode = FALSE
	EndGlobalSection
	GlobalSection(NestedProjects) = preSolution
		{88340345-CA06-495A-A8DA-D0D98F2881F3} = {6357D4CC-5437-4186-B56B-5BF9EFE832C2}
		{AE71B78D-8EFA-493F-82DC-280FE4232EF6} = {8AF92DCF-C3CE-48BA-B717-54F5A8696748}
		{27C797FE-E49F-4C85-8AA3-598F565EF679} = {AE71B78D-8EFA-493F-82DC-280FE4232EF6}
		{89A6F4DD-875B-4C6D-B7B5-A53C6649A818} = {8AF92DCF-C3CE-48BA-B717-54F5A8696748}
		{A846574F-3C53-4363-A5B9-F824E43930AC} = {BAF671A5-2234-4E2E-9CAF-572AE9CBAFD7}
	EndGlobalSection
	GlobalSection(ExtensibilityGlobals) = postSolution
		SolutionGuid = {C0A1CC51-85ED-4F8C-A9CA-7B4168750FB6}
	EndGlobalSection
EndGlobal
